
Microsoft Visual Studio Solution File, Format Version 11.00
# Visual Studio 2010
Project("{FAE04EC0-301F-11D3-BF4B-00C04F79EFBC}") = "plane elude copy", "Assembly-CSharp.csproj", "{85A9993B-272D-05BB-2B14-56852974FFBA}"
EndProject
Project("{FAE04EC0-301F-11D3-BF4B-00C04F79EFBC}") = "plane elude copy", "Assembly-CSharp-firstpass.csproj", "{EC14C2D5-35AE-6BC2-48EE-A2713830C2B5}"
EndProject
Global
	GlobalSection(SolutionConfigurationPlatforms) = preSolution
		Debug|Any CPU = Debug|Any CPU
		Release|Any CPU = Release|Any CPU
	EndGlobalSection
	GlobalSection(ProjectConfigurationPlatforms) = postSolution
		{85A9993B-272D-05BB-2B14-56852974FFBA}.Debug|Any CPU.ActiveCfg = Debug|Any CPU
		{85A9993B-272D-05BB-2B14-56852974FFBA}.Debug|Any CPU.Build.0 = Debug|Any CPU
		{85A9993B-272D-05BB-2B14-56852974FFBA}.Release|Any CPU.ActiveCfg = Release|Any CPU
		{85A9993B-272D-05BB-2B14-56852974FFBA}.Release|Any CPU.Build.0 = Release|Any CPU
		{EC14C2D5-35AE-6BC2-48EE-A2713830C2B5}.Debug|Any CPU.ActiveCfg = Debug|Any CPU
		{EC14C2D5-35AE-6BC2-48EE-A2713830C2B5}.Debug|Any CPU.Build.0 = Debug|Any CPU
		{EC14C2D5-35AE-6BC2-48EE-A2713830C2B5}.Release|Any CPU.ActiveCfg = Release|Any CPU
		{EC14C2D5-35AE-6BC2-48EE-A2713830C2B5}.Release|Any CPU.Build.0 = Release|Any CPU
	EndGlobalSection
	GlobalSection(SolutionProperties) = preSolution
		HideSolutionNode = FALSE
	EndGlobalSection
	GlobalSection(MonoDevelopProperties) = preSolution
		StartupItem = Assembly-CSharp.csproj
	EndGlobalSection
EndGlobal
